
Microsoft Visual Studio Solution File, Format Version 12.00
# Visual Studio Version 17
VisualStudioVersion = 17.0.31919.166
MinimumVisualStudioVersion = 10.0.40219.1
Project("{FAE04EC0-301F-11D3-BF4B-00C04F79EFBC}") = "Laborator 1. Substitutii monoalfabetice", "Laborator 1. Substitutii monoalfabetice\Laborator 1. Substitutii monoalfabetice.csproj", "{04F016A9-58B9-4E48-95D0-A49A535A3502}"
EndProject
Global
	GlobalSection(SolutionConfigurationPlatforms) = preSolution
		Debug|Any CPU = Debug|Any CPU
		Release|Any CPU = Release|Any CPU
	EndGlobalSection
	GlobalSection(ProjectConfigurationPlatforms) = postSolution
		{04F016A9-58B9-4E48-95D0-A49A535A3502}.Debug|Any CPU.ActiveCfg = Debug|Any CPU
		{04F016A9-58B9-4E48-95D0-A49A535A3502}.Debug|Any CPU.Build.0 = Debug|Any CPU
		{04F016A9-58B9-4E48-95D0-A49A535A3502}.Release|Any CPU.ActiveCfg = Release|Any CPU
		{04F016A9-58B9-4E48-95D0-A49A535A3502}.Release|Any CPU.Build.0 = Release|Any CPU
	EndGlobalSection
	GlobalSection(SolutionProperties) = preSolution
		HideSolutionNode = FALSE
	EndGlobalSection
	GlobalSection(ExtensibilityGlobals) = postSolution
		SolutionGuid = {D2463C84-4614-497A-96F6-BFAE1786D1C4}
	EndGlobalSection
EndGlobal
